lockfileVersion: 6
skills:
  improve-whatever:
    type: registry
    sourceType: registry
    endpoint: https://registry.agentxm.ai/
    extensionType: skill
    workspaceName: improve-whatever
    packageFormat: agentxm
    owner: "@craigsmitham"
    name: improve-whatever
    resolvedVersion: 0.0.9
    integrity: sha512-Jd5ePXATZovMaQL2KUfKAYAcXlwUBBINknJIgYp4jcOirag/8Xt+UFOLQvGRzFsJUeTT7zXZgr2DlpAn1m1EYQ==
    sourceName: agentxm
    publisherBindingId: hbnd_01ks5vvdf0fx08m9gcaq7y2wv7
    treeIntegrity: sha256-tree-v1:782f6a5f36a2f9c0ee816746564576df4e63d29e13430d7db1385b2e3646fe89
  author-okf:
    type: registry
    sourceType: registry
    endpoint: https://registry.agentxm.ai/
    extensionType: skill
    workspaceName: author-okf
    packageFormat: agentxm
    owner: "@craigsmitham"
    name: author-okf
    resolvedVersion: 0.1.6
    integrity: sha512-35FDupGV4yi6AHTlhov/3/6vegruukKQHhSfIQjdltY87jlc4CpApAv8+zBazL8j7n8JxCwMZ0AODBPBUsthWg==
    sourceName: agentxm
    publisherBindingId: hbnd_01ks5vvdf0fx08m9gcaq7y2wv7
    treeIntegrity: sha256-tree-v1:42211bea916e8b8e5e9a39769b98367f2595a8c2df318fc47c789ca3de93f3e1
  field-notes:
    type: registry
    sourceType: registry
    endpoint: https://registry.agentxm.ai/
    extensionType: skill
    workspaceName: field-notes
    packageFormat: agentxm
    owner: "@craigsmitham"
    name: field-notes
    resolvedVersion: 0.2.3
    integrity: sha512-VYn9walkqsCAqTVa4lGJwJnNf2bcYkJxcvFvxUv78S9FY4Uyy1RAP9CQPCoj/sPsXghFcx6PIue8wgKOyaq3zA==
    sourceName: agentxm
    publisherBindingId: hbnd_01ks5vvdf0fx08m9gcaq7y2wv7
    treeIntegrity: sha256-tree-v1:4e6d08b0c98d9b4106eed37bc022931f7cc84ae5cc6e01610923b006e544903f
  craft-effect-v4:
    type: registry
    sourceType: registry
    endpoint: https://registry.agentxm.ai/
    extensionType: skill
    workspaceName: craft-effect-v4
    packageFormat: agentxm
    owner: "@craigsmitham"
    name: craft-effect-v4
    resolvedVersion: 0.2.1
    integrity: sha512-HqCVdlF8i8TNy8z14Heock0CnW4Q53l921FW0HLCyVu4P/oQ+AJKVcZPAygmR1QQNQH0vE8zOeJNl8CN3+mpMg==
    sourceName: agentxm
    publisherBindingId: hbnd_01ks5vvdf0fx08m9gcaq7y2wv7
    treeIntegrity: sha256-tree-v1:8f3e056b97b9c49971bee8de14079163e7c005db7cfd1616199f0a349069c0b0
  audit-agent-skill:
    type: registry
    sourceType: registry
    endpoint: https://registry.agentxm.ai/
    extensionType: skill
    workspaceName: audit-agent-skill
    packageFormat: agentxm
    owner: "@agentxm"
    name: audit-agent-skill
    resolvedVersion: 0.7.4
    integrity: sha512-koKf4qZrgO7lt32ShwmJC5cJgI7KuBhFXkRSGCXNE3+alcOSE8WtbuEm1+VbqdNMPbcKmwTlJ2EzRhd2+HvAVg==
    sourceName: agentxm
    publisherBindingId: hbnd_01ks5vvdf0efz9m4w5qsv4q5qp
    treeIntegrity: sha256-tree-v1:12059c1e9947e7c823b43acc7a2ab8471712823bd09d18798b773e038ea51db9
  author-agent-skill:
    type: registry
    sourceType: registry
    endpoint: https://registry.agentxm.ai/
    extensionType: skill
    workspaceName: author-agent-skill
    packageFormat: agentxm
    owner: "@agentxm"
    name: author-agent-skill
    resolvedVersion: 0.10.0
    integrity: sha512-fN7wuTsa3eKvtC7i9dqfjcz6xaFVADnb02dESgZWe1Szt+GOjEfRyEuZLgErJ/rHJPpGyidr+KkkoOUTGqI8FA==
    sourceName: agentxm
    publisherBindingId: hbnd_01ks5vvdf0efz9m4w5qsv4q5qp
    treeIntegrity: sha256-tree-v1:48ffb96e200bdcad44c2081c0927d9fbf645efb657cd7df3479955e40c036b6d
  evaluate-agent-skill:
    type: registry
    sourceType: registry
    endpoint: https://registry.agentxm.ai/
    extensionType: skill
    workspaceName: evaluate-agent-skill
    packageFormat: agentxm
    owner: "@agentxm"
    name: evaluate-agent-skill
    resolvedVersion: 0.3.2
    integrity: sha512-gXg1IKDgcIBjamABZc1sosJ1LvaGn7GeGJZgdw5YyK0dyShb5vgUuJ0zQ+RxIkikh+YKGsJMHkIpWLP/h0yEBA==
    sourceName: agentxm
    publisherBindingId: hbnd_01ks5vvdf0efz9m4w5qsv4q5qp
    treeIntegrity: sha256-tree-v1:3e3e6fbf2d0f447790dc73aea81330e35317062a406a00b8ce2afafd3a11a3df
  agent-skill-evaluator:
    type: registry
    sourceType: registry
    endpoint: https://registry.agentxm.ai/
    extensionType: skill
    workspaceName: agent-skill-evaluator
    packageFormat: agentxm
    owner: "@agentxm"
    name: agent-skill-evaluator
    resolvedVersion: 0.2.2
    integrity: sha512-GYRYsHSb1jqGH48qM8UPZEpOIzvflnzS/P0soWtwY++JTNQAo+PuM9F3e0nq/SsNWFxHbqDONkiKq8sF4SDzmw==
    sourceName: agentxm
    publisherBindingId: hbnd_01ks5vvdf0efz9m4w5qsv4q5qp
    treeIntegrity: sha256-tree-v1:9398955188e8b334fa631ca9042a4e42ce4d09ae5e15eb19aace7ae66fd9d0c6
  audit-agent-instructions:
    type: registry
    sourceType: registry
    endpoint: https://registry.agentxm.ai/
    extensionType: skill
    workspaceName: audit-agent-instructions
    packageFormat: agentxm
    owner: "@agentxm"
    name: audit-agent-instructions
    resolvedVersion: 0.1.6
    integrity: sha512-a1oWBs+sMcxGTHMs/T1u8waj98y8gfDyvglOhTAL1JIinwSRKncW8PU9sh94Za9GBvYkyyVSt69dzVgIpWjQLQ==
    sourceName: agentxm
    publisherBindingId: hbnd_01ks5vvdf0efz9m4w5qsv4q5qp
    treeIntegrity: sha256-tree-v1:ad878b49c046b25c2f188beacb703a9e43a3c0e953e23ab82250d2b70ce768d4
  author-agent-instructions:
    type: registry
    sourceType: registry
    endpoint: https://registry.agentxm.ai/
    extensionType: skill
    workspaceName: author-agent-instructions
    packageFormat: agentxm
    owner: "@agentxm"
    name: author-agent-instructions
    resolvedVersion: 0.1.6
    integrity: sha512-FW3ryW+R5tgi3G9OeZkLLUvMK+PNamwJhPlhY9eHu77rujzH+4dhshV0jnBDK516xXz73tjXzuQnFZzVqfcX5w==
    sourceName: agentxm
    publisherBindingId: hbnd_01ks5vvdf0efz9m4w5qsv4q5qp
    treeIntegrity: sha256-tree-v1:bd6efddcfa488d2c9d6fd223b2a058f4a6b4d7b10142060d1aea909b06dd26b7
  audit-docs:
    type: registry
    sourceType: registry
    endpoint: https://registry.agentxm.ai/
    extensionType: skill
    workspaceName: audit-docs
    packageFormat: agentxm
    owner: "@craigsmitham"
    name: audit-docs
    resolvedVersion: 0.1.3
    integrity: sha512-PYsI9LOgQCFM7MLYO9m8rDjFmuY35+i7Yzgx37w3G2OEUJ60gwSL1IZgC1KFDTX6GPWVgGNF9mDxU4sE4eIKVQ==
    sourceName: agentxm
    publisherBindingId: hbnd_01ks5vvdf0fx08m9gcaq7y2wv7
    treeIntegrity: sha256-tree-v1:6c34ed60dc490ca63a50dd25957d696a290cd3aa0e415eb93ec8eb54d8a637b7
  author-docs:
    type: registry
    sourceType: registry
    endpoint: https://registry.agentxm.ai/
    extensionType: skill
    workspaceName: author-docs
    packageFormat: agentxm
    owner: "@craigsmitham"
    name: author-docs
    resolvedVersion: 0.3.4
    integrity: sha512-z0VLkoVl1LJ1YLH8n8ktJHZ4mYT+44ulvBwskvK1ov97xbcTfGrtVsHgnH9jtbeKcW4quaamjV/hysPYbo8D1A==
    sourceName: agentxm
    publisherBindingId: hbnd_01ks5vvdf0fx08m9gcaq7y2wv7
    treeIntegrity: sha256-tree-v1:f510e1493fc56781280b1a687e0d594fe7c7029b0f216df0800f73b5755daa7e
  question:
    type: registry
    sourceType: registry
    endpoint: https://registry.agentxm.ai/
    extensionType: skill
    workspaceName: question
    packageFormat: agentxm
    owner: "@craigsmitham"
    name: question
    resolvedVersion: 0.1.3
    integrity: sha512-Px9kFo0qWS45B2dSZYFoWYvX0f7rkHnQ8Lj3kfiTNAmzJBvlPLrZDWHCjY0V+25CY49xUBq1JWxWRmQOMUzq7Q==
    sourceName: agentxm
    publisherBindingId: hbnd_01ks5vvdf0fx08m9gcaq7y2wv7
    treeIntegrity: sha256-tree-v1:bc50f09e69e0db5cabd717ce0fd71ef12db8812ea124a4b4f0cf30de76fe5f8e
  research:
    type: registry
    sourceType: registry
    endpoint: https://registry.agentxm.ai/
    extensionType: skill
    workspaceName: research
    packageFormat: agentxm
    owner: "@craigsmitham"
    name: research
    resolvedVersion: 2.0.0
    integrity: sha512-i9pfSNs6QXMU00SjFGj+NVNHDXe3mLlym0jJCFZg/w7zNXxMoMRGo564lo5m161zJi4vb7ErB4VVM5j+8UFeAg==
    sourceName: agentxm
    publisherBindingId: hbnd_01ks5vvdf0fx08m9gcaq7y2wv7
    treeIntegrity: sha256-tree-v1:008992743157b37c7d73c9fdb5ee1ef92c2b5e0ede6127e8aceb6313a7cb6920
  gen-stack:
    type: registry
    sourceType: registry
    endpoint: https://registry.agentxm.ai/
    extensionType: skill
    workspaceName: gen-stack
    packageFormat: agentxm
    owner: "@craigsmitham"
    name: gen-stack
    resolvedVersion: 1.10.0
    integrity: sha512-zq3dshe7wAgwJYhrT/bsfJf2zckHxUgf8IcNv7rFd6HHYOIF5iyQpci9SHnzKHEFgsPct1d5USahgMnOq2nufg==
    sourceName: agentxm
    publisherBindingId: hbnd_01ks5vvdf0fx08m9gcaq7y2wv7
    treeIntegrity: sha256-tree-v1:14a0b6eb66e4c5706e29914fec31e9d287f1a0eda560403e97fc2f159ce6b37e
subagents:
  researcher:
    type: registry
    sourceType: registry
    endpoint: https://registry.agentxm.ai/
    extensionType: subagent
    workspaceName: researcher
    packageFormat: agentxm
    owner: "@craigsmitham"
    name: researcher
    resolvedVersion: 0.0.2
    integrity: sha512-0ykWjTFhj5vEiqTUsPle+bfQa1iZlOL5sHgbRMyFYxZyG1rel6L7c3/DR5XNjADHUbuHweBOHJmrX0360g5gLA==
    sourceName: agentxm
    publisherBindingId: hbnd_01ks5vvdf0fx08m9gcaq7y2wv7
    treeIntegrity: sha256-tree-v1:bc1c46e9e5548c044e8ee749c2aa5b23606d64852a20723c9ae52c7eca2fce19
rules:
  field-notes:
    type: registry
    sourceType: registry
    endpoint: https://registry.agentxm.ai/
    extensionType: rule
    workspaceName: field-notes
    packageFormat: agentxm
    owner: "@craigsmitham"
    name: field-notes
    resolvedVersion: 0.2.3
    integrity: sha512-R2uATECB4rI443eUtiEIEtAvW1Rwl3aFxqiXW8HqRX0zTvQwfvNDIWgonV57mxhIoNORDaw5YuLILtXBHnej3w==
    sourceName: agentxm
    publisherBindingId: hbnd_01ks5vvdf0fx08m9gcaq7y2wv7
    treeIntegrity: sha256-tree-v1:5191285503bc2ca9d20398a700b77bd2307738c3c49ed08cf8bc6955ecf0b629
  use-effect-v4:
    type: registry
    sourceType: registry
    endpoint: https://registry.agentxm.ai/
    extensionType: rule
    workspaceName: use-effect-v4
    packageFormat: agentxm
    owner: "@craigsmitham"
    name: use-effect-v4
    resolvedVersion: 0.1.1
    integrity: sha512-08QSlDdzdAnnIBN/bqn3uXba/N06kGly2dHcirRWQRSylxRxfoKpUZZ1BI/JMIGOlt8TdM6VxqFOG842oVCQLA==
    sourceName: agentxm
    publisherBindingId: hbnd_01ks5vvdf0fx08m9gcaq7y2wv7
    treeIntegrity: sha256-tree-v1:a8a74c95bf639400ac804bc96cf58d0f7a53748772b82b85dc6629aa03cea57f
knowledge:
  agentxm:
    type: registry
    sourceType: registry
    endpoint: https://registry.agentxm.ai/
    extensionType: knowledge
    workspaceName: agentxm
    packageFormat: agentxm
    owner: "@agentxm"
    name: agentxm
    resolvedVersion: 1.2.1
    integrity: sha512-2oVn4RgZ0X1elSDK9woiVX1RlS0lFz0NYGvFL+dTV7Ifmcp7NLhrewYLWw3zQNrYm3GSxFAcKQkQCvmwFVAgZQ==
    sourceName: agentxm
    publisherBindingId: hbnd_01ks5vvdf0efz9m4w5qsv4q5qp
    treeIntegrity: sha256-tree-v1:0b5f578f8adcbecac83996c3ee000d58ee251c045882f689270d136cdc1d5a3b
  workflow-automation:
    type: registry
    sourceType: registry
    endpoint: https://registry.agentxm.ai/
    extensionType: knowledge
    workspaceName: workflow-automation
    packageFormat: agentxm
    owner: "@craigsmitham"
    name: workflow-automation
    resolvedVersion: 0.2.1
    integrity: sha512-woLC7lx1Vn6UVKJK0S1in7phO2+q5NnsEvoOgwiiOOhDlNQarxXZLccuqSdnCvV19cKANKhq3dODKzucUAqFXg==
    sourceName: agentxm
    publisherBindingId: hbnd_01ks5vvdf0fx08m9gcaq7y2wv7
    treeIntegrity: sha256-tree-v1:a2cb8af2b6e3637dab660c2a0822b9ceab577f0701385f43c7a7091f214d47c9
  field-notes:
    type: registry
    sourceType: registry
    endpoint: https://registry.agentxm.ai/
    extensionType: knowledge
    workspaceName: field-notes
    packageFormat: agentxm
    owner: "@craigsmitham"
    name: field-notes
    resolvedVersion: 0.2.2
    integrity: sha512-eMFqqEWvTa/W8Vd3CR/yayZO2KDgdNKXWBASASEWhy5/JVc2iSSjxaeSipINmBfxorfEGoGKC7FhwPNLf9X40A==
    sourceName: agentxm
    publisherBindingId: hbnd_01ks5vvdf0fx08m9gcaq7y2wv7
    treeIntegrity: sha256-tree-v1:6b4123b6e55444b3ffc05531201be2ad76ef106d22d947949b0831ce7d3ffdc3
  effect-v4:
    type: registry
    sourceType: registry
    endpoint: https://registry.agentxm.ai/
    extensionType: knowledge
    workspaceName: effect-v4
    packageFormat: agentxm
    owner: "@craigsmitham"
    name: effect-v4
    resolvedVersion: 0.5.2
    integrity: sha512-0fe90wC9RbwHqSdFUkBOlqFIEj4YTKhOyNsujJQF951uYXrymRJUgkEbplTkJYTqlI2maTI0uxVBj8NsOSYlSw==
    sourceName: agentxm
    publisherBindingId: hbnd_01ks5vvdf0fx08m9gcaq7y2wv7
    treeIntegrity: sha256-tree-v1:5c9de4ad08e432d0255cc79a5f76359fb9392189d056fa0a6932d4dc470ffc9e
  agent-engineering:
    type: registry
    sourceType: registry
    endpoint: https://registry.agentxm.ai/
    extensionType: knowledge
    workspaceName: agent-engineering
    packageFormat: agentxm
    owner: "@agentxm"
    name: agent-engineering
    resolvedVersion: 0.9.2
    integrity: sha512-AGnQ2updX0VzdtLX3MiJx2F6Ocjl+v0YoN6VRt0K5wBnhst+13UvFRg03EPc1osWk5f9zmsS7dZJlshgJCu1uw==
    sourceName: agentxm
    publisherBindingId: hbnd_01ks5vvdf0efz9m4w5qsv4q5qp
    treeIntegrity: sha256-tree-v1:8890c0941c5a53da4f4eaa44682d517d262561d59d5608accb53d1a6027d494c
  docs:
    type: registry
    sourceType: registry
    endpoint: https://registry.agentxm.ai/
    extensionType: knowledge
    workspaceName: docs
    packageFormat: agentxm
    owner: "@craigsmitham"
    name: docs
    resolvedVersion: 0.11.0
    integrity: sha512-D28Zz7CBZXwDbLbVktNCXOsNwkePth9oZX1FUMDeFgaYBwVuFnJC3l73XflDHSKfA1nAIxfVj/VJrx6fy1KIfw==
    sourceName: agentxm
    publisherBindingId: hbnd_01ks5vvdf0fx08m9gcaq7y2wv7
    treeIntegrity: sha256-tree-v1:4d712b066d01aebfae6c09063eb831554df49354a6bec36d9a78aaf05a0dfaa2
  gen-stack:
    type: registry
    sourceType: registry
    endpoint: https://registry.agentxm.ai/
    extensionType: knowledge
    workspaceName: gen-stack
    packageFormat: agentxm
    owner: "@craigsmitham"
    name: gen-stack
    resolvedVersion: 0.19.0
    integrity: sha512-2ixG/b3AaiH5O4Z+Ngbz1vCIdBC5qIy82mMA9H6Vt0HzYZbBCzmD1KPmbfieNqXMYvgku6He3SC2rfHGjsEZlQ==
    sourceName: agentxm
    publisherBindingId: hbnd_01ks5vvdf0fx08m9gcaq7y2wv7
    treeIntegrity: sha256-tree-v1:4c6988c750901a8dad6f64bce46efb04270481fab62c35bc329f98cdfb885729
packs:
  field-notes:
    type: registry
    sourceType: registry
    endpoint: https://registry.agentxm.ai/
    extensionType: pack
    workspaceName: field-notes
    packageFormat: agentxm
    owner: "@craigsmitham"
    name: field-notes
    resolvedVersion: 0.2.1
    integrity: sha512-Pq53QqjYhO9xjxzhqkTx/GuTuZEWa4ATy1x8Hy3fGJIkMyCm9LrkECT2i9qiYMaJ+wZYL5J4ca7LHENBxiOFqg==
    manifestContentIdentity: 45a5af73594785f263f7ddfc2e711c0a0bb97de6cf9b6c6fd785e2f51c8d19d9
    sourceName: agentxm
    publisherBindingId: hbnd_01ks5vvdf0fx08m9gcaq7y2wv7
    treeIntegrity: sha256-tree-v1:b81cc4dbe8d49d2aa3d75c1ff6a082fa8566a38ecc88bbbf7c345f8d9129996b
  effect-v4:
    type: registry
    sourceType: registry
    endpoint: https://registry.agentxm.ai/
    extensionType: pack
    workspaceName: effect-v4
    packageFormat: agentxm
    owner: "@craigsmitham"
    name: effect-v4
    resolvedVersion: 0.6.1
    integrity: sha512-ZmEtVI98BKdPLVlGOoSppo487PHR4jUZeR3+NoDiE8vqt7EBvuzZbZwknCAmdXgbHDtIP184v0mh5jNeRZie6w==
    manifestContentIdentity: 175ba26a70963e79fd3d2833d46ce341e173888b91d4e60125a9553cb59c8360
    sourceName: agentxm
    publisherBindingId: hbnd_01ks5vvdf0fx08m9gcaq7y2wv7
    treeIntegrity: sha256-tree-v1:5ce4bdfeae3c9fc644dda9b2f19d9e2e51f7fc62eb688577da3a5ae955c20fec
  agent-engineering:
    type: registry
    sourceType: registry
    endpoint: https://registry.agentxm.ai/
    extensionType: pack
    workspaceName: agent-engineering
    packageFormat: agentxm
    owner: "@agentxm"
    name: agent-engineering
    resolvedVersion: 0.10.6
    integrity: sha512-3fQOP6luNs/1kSIDcHbMC3KachsrWxtOiW9525+fKBew5KyhSzZtcJ6JoMTRVB46OilI0ZY6cgFjHnpSHcFU8w==
    manifestContentIdentity: 1f759742dd28ed6b64c68f45a3d19207622f452c7a3ada38c468d6327778ee9b
    sourceName: agentxm
    publisherBindingId: hbnd_01ks5vvdf0efz9m4w5qsv4q5qp
    treeIntegrity: sha256-tree-v1:a0a21b48af6e088337a30799726cb514db8a7177bf05d110e85db3fb184dcefe
  docs:
    type: registry
    sourceType: registry
    endpoint: https://registry.agentxm.ai/
    extensionType: pack
    workspaceName: docs
    packageFormat: agentxm
    owner: "@craigsmitham"
    name: docs
    resolvedVersion: 0.5.0
    integrity: sha512-LZf21Q5Y2gNISxslUWZoY+vk76fFqt2mijyEpybXFV7msgchlN/kH0xTPbr6c1TAuNZf/t5TAOcKoHQYGrrMIQ==
    manifestContentIdentity: aa9fa3a50072305b6950d8dec8414d02193bfd716c3b55afb6046edbec888288
    sourceName: agentxm
    publisherBindingId: hbnd_01ks5vvdf0fx08m9gcaq7y2wv7
    treeIntegrity: sha256-tree-v1:39800ace6b9a7a31e3ea98eb992315ac18348291b713f551d74d9ee14638dcbe
  qrspi:
    type: registry
    sourceType: registry
    endpoint: https://registry.agentxm.ai/
    extensionType: pack
    workspaceName: qrspi
    packageFormat: agentxm
    owner: "@craigsmitham"
    name: qrspi
    resolvedVersion: 0.1.1
    integrity: sha512-lwqxt7fZtWsyKSknyvtabyGGbj2fGMRop3pQJiWgICT3jEhh3Imh+p3gKA73T9AIyl1XvNUvhImrkmqCnwtKHw==
    manifestContentIdentity: f766e187d000a37a876dcf74c62a54cb7264ca7d15035c5e50706a2bd0ee9a51
    sourceName: agentxm
    publisherBindingId: hbnd_01ks5vvdf0fx08m9gcaq7y2wv7
    treeIntegrity: sha256-tree-v1:a6fdd588dcecf07f51a0eee9864e8daa146ab817d0da128d687e0ec9388cf953
  gen-stack:
    type: registry
    sourceType: registry
    endpoint: https://registry.agentxm.ai/
    extensionType: pack
    workspaceName: gen-stack
    packageFormat: agentxm
    owner: "@craigsmitham"
    name: gen-stack
    resolvedVersion: 2.11.0
    integrity: sha512-MboXP02Xs+ooPD37IQ3V0daqX1W6/ez3Qw/WWewMJ99QnA3rH1Rnvxp3lWGlrgLUdN27oSpVQ4A63iPh06JmOA==
    manifestContentIdentity: 76bd8e97da27aef1d4711c5edea13e18d00e9821bfb2d923b60ab3ce1e2bcbfb
    sourceName: agentxm
    publisherBindingId: hbnd_01ks5vvdf0fx08m9gcaq7y2wv7
    treeIntegrity: sha256-tree-v1:81fb77b5f562efc6665f4c496a5edcc09c15afcb4826eebb91df04a2961e4fe7
