lockfileVersion: 6
skills:
  improve-whatever:
    type: registry
    sourceType: registry
    endpoint: https://registry.agentxm.ai/
    extensionType: skill
    workspaceName: improve-whatever
    packageFormat: agentxm
    owner: "@craigsmitham"
    name: improve-whatever
    resolvedVersion: 0.0.8
    integrity: sha512-ZsJKd84j+0XTLhh89jIiKygGBuQHq0D5D1YUjtfBjCu7nblw11YDysDBRGlmSORHVDXZA0RavTkfM4z30JOgBg==
    sourceName: agentxm
    publisherBindingId: hbnd_01ks5vvdf0fx08m9gcaq7y2wv7
    treeIntegrity: sha256-tree-v1:97bbdaa3edffc4d84aae145c5c79e1f3a47c645a561fe4851982af4168ba6fef
  author-okf:
    type: registry
    sourceType: registry
    endpoint: https://registry.agentxm.ai/
    extensionType: skill
    workspaceName: author-okf
    packageFormat: agentxm
    owner: "@craigsmitham"
    name: author-okf
    resolvedVersion: 0.1.2
    integrity: sha512-IlDUZgrvHY56Bm7gaqZvsSLhQSHlYQ2rOqfeOPAwlWA1v7gj38rb7CUJgvIKkUfsZ6wiSkec5HL5nZI1bi7+ig==
    sourceName: agentxm
    publisherBindingId: hbnd_01ks5vvdf0fx08m9gcaq7y2wv7
    treeIntegrity: sha256-tree-v1:8293371631c37083fe703e313eb18e7987af68793e45510c9e7bbf2ba9b5cf0c
  field-notes:
    type: registry
    sourceType: registry
    endpoint: https://registry.agentxm.ai/
    extensionType: skill
    workspaceName: field-notes
    packageFormat: agentxm
    owner: "@craigsmitham"
    name: field-notes
    resolvedVersion: 0.2.2
    integrity: sha512-JJq/GlUOuJXUqaUUQYVt+hzUpLGERh9py8P2VIHG4g3m0xMHqB9B8bUaFKYBvDowrnR1cqw3wlEgrniF4Mf2Bw==
    sourceName: agentxm
    publisherBindingId: hbnd_01ks5vvdf0fx08m9gcaq7y2wv7
    treeIntegrity: sha256-tree-v1:56ca6ae7e9ce180cef29cb23af6dbc667e5c9e1b337cc731dc1515d4e1d56a60
  craft-effect-v4:
    type: registry
    sourceType: registry
    endpoint: https://registry.agentxm.ai/
    extensionType: skill
    workspaceName: craft-effect-v4
    packageFormat: agentxm
    owner: "@craigsmitham"
    name: craft-effect-v4
    resolvedVersion: 0.2.0
    integrity: sha512-Ce0SUx6WmnkTv5E89UideanO7DlgzXBxQjkrE4jcbAYnpICyLLf6VDyrvimNfX0fc42zH9NZEMs4qujjvZfF0Q==
    sourceName: agentxm
    publisherBindingId: hbnd_01ks5vvdf0fx08m9gcaq7y2wv7
    treeIntegrity: sha256-tree-v1:52113a30ce42141752add38e23515427c16db534c6127fe5d8ad43df9e2df29e
  audit-agent-skill:
    type: registry
    sourceType: registry
    endpoint: https://registry.agentxm.ai/
    extensionType: skill
    workspaceName: audit-agent-skill
    packageFormat: agentxm
    owner: "@agentxm"
    name: audit-agent-skill
    resolvedVersion: 0.7.4
    integrity: sha512-koKf4qZrgO7lt32ShwmJC5cJgI7KuBhFXkRSGCXNE3+alcOSE8WtbuEm1+VbqdNMPbcKmwTlJ2EzRhd2+HvAVg==
    sourceName: agentxm
    publisherBindingId: hbnd_01ks5vvdf0efz9m4w5qsv4q5qp
    treeIntegrity: sha256-tree-v1:12059c1e9947e7c823b43acc7a2ab8471712823bd09d18798b773e038ea51db9
  author-agent-skill:
    type: registry
    sourceType: registry
    endpoint: https://registry.agentxm.ai/
    extensionType: skill
    workspaceName: author-agent-skill
    packageFormat: agentxm
    owner: "@agentxm"
    name: author-agent-skill
    resolvedVersion: 0.10.0
    integrity: sha512-fN7wuTsa3eKvtC7i9dqfjcz6xaFVADnb02dESgZWe1Szt+GOjEfRyEuZLgErJ/rHJPpGyidr+KkkoOUTGqI8FA==
    sourceName: agentxm
    publisherBindingId: hbnd_01ks5vvdf0efz9m4w5qsv4q5qp
    treeIntegrity: sha256-tree-v1:48ffb96e200bdcad44c2081c0927d9fbf645efb657cd7df3479955e40c036b6d
  evaluate-agent-skill:
    type: registry
    sourceType: registry
    endpoint: https://registry.agentxm.ai/
    extensionType: skill
    workspaceName: evaluate-agent-skill
    packageFormat: agentxm
    owner: "@agentxm"
    name: evaluate-agent-skill
    resolvedVersion: 0.3.2
    integrity: sha512-gXg1IKDgcIBjamABZc1sosJ1LvaGn7GeGJZgdw5YyK0dyShb5vgUuJ0zQ+RxIkikh+YKGsJMHkIpWLP/h0yEBA==
    sourceName: agentxm
    publisherBindingId: hbnd_01ks5vvdf0efz9m4w5qsv4q5qp
    treeIntegrity: sha256-tree-v1:3e3e6fbf2d0f447790dc73aea81330e35317062a406a00b8ce2afafd3a11a3df
  agent-skill-evaluator:
    type: registry
    sourceType: registry
    endpoint: https://registry.agentxm.ai/
    extensionType: skill
    workspaceName: agent-skill-evaluator
    packageFormat: agentxm
    owner: "@agentxm"
    name: agent-skill-evaluator
    resolvedVersion: 0.2.2
    integrity: sha512-GYRYsHSb1jqGH48qM8UPZEpOIzvflnzS/P0soWtwY++JTNQAo+PuM9F3e0nq/SsNWFxHbqDONkiKq8sF4SDzmw==
    sourceName: agentxm
    publisherBindingId: hbnd_01ks5vvdf0efz9m4w5qsv4q5qp
    treeIntegrity: sha256-tree-v1:9398955188e8b334fa631ca9042a4e42ce4d09ae5e15eb19aace7ae66fd9d0c6
  audit-agent-instructions:
    type: registry
    sourceType: registry
    endpoint: https://registry.agentxm.ai/
    extensionType: skill
    workspaceName: audit-agent-instructions
    packageFormat: agentxm
    owner: "@agentxm"
    name: audit-agent-instructions
    resolvedVersion: 0.1.6
    integrity: sha512-a1oWBs+sMcxGTHMs/T1u8waj98y8gfDyvglOhTAL1JIinwSRKncW8PU9sh94Za9GBvYkyyVSt69dzVgIpWjQLQ==
    sourceName: agentxm
    publisherBindingId: hbnd_01ks5vvdf0efz9m4w5qsv4q5qp
    treeIntegrity: sha256-tree-v1:ad878b49c046b25c2f188beacb703a9e43a3c0e953e23ab82250d2b70ce768d4
  author-agent-instructions:
    type: registry
    sourceType: registry
    endpoint: https://registry.agentxm.ai/
    extensionType: skill
    workspaceName: author-agent-instructions
    packageFormat: agentxm
    owner: "@agentxm"
    name: author-agent-instructions
    resolvedVersion: 0.1.6
    integrity: sha512-FW3ryW+R5tgi3G9OeZkLLUvMK+PNamwJhPlhY9eHu77rujzH+4dhshV0jnBDK516xXz73tjXzuQnFZzVqfcX5w==
    sourceName: agentxm
    publisherBindingId: hbnd_01ks5vvdf0efz9m4w5qsv4q5qp
    treeIntegrity: sha256-tree-v1:bd6efddcfa488d2c9d6fd223b2a058f4a6b4d7b10142060d1aea909b06dd26b7
  author-software-work-items:
    type: registry
    sourceType: registry
    endpoint: https://registry.agentxm.ai/
    extensionType: skill
    workspaceName: author-software-work-items
    packageFormat: agentxm
    owner: "@craigsmitham"
    name: author-software-work-items
    resolvedVersion: 1.0.0
    integrity: sha512-D2W9r9pYDE5yNLv2RUXHRD6XnBkPE2RSu91pvoDgEYcDH62mcCwtahydUmzH87Sm0/TXgVjr2UrTdODPD//mBQ==
    sourceName: agentxm
    publisherBindingId: hbnd_01ks5vvdf0fx08m9gcaq7y2wv7
    treeIntegrity: sha256-tree-v1:63b062cdfd6e5921d273b58f7ae5d7c911d713e2a70173bcc1a56377d164db5c
  audit-docs:
    type: registry
    sourceType: registry
    endpoint: https://registry.agentxm.ai/
    extensionType: skill
    workspaceName: audit-docs
    packageFormat: agentxm
    owner: "@craigsmitham"
    name: audit-docs
    resolvedVersion: 0.1.2
    integrity: sha512-adHdWJRxWBaYuAAnMVGbbxGyen+ndU4eRCn4mrashtMYET/WdqnZcivVqQavPUkeJEM836HopmHiGsHig1bdaA==
    sourceName: agentxm
    publisherBindingId: hbnd_01ks5vvdf0fx08m9gcaq7y2wv7
    treeIntegrity: sha256-tree-v1:c73e8feacd8aca964cffbbf3fb2049026fe804a84d5cf85862baf0271ab23cd8
  author-docs:
    type: registry
    sourceType: registry
    endpoint: https://registry.agentxm.ai/
    extensionType: skill
    workspaceName: author-docs
    packageFormat: agentxm
    owner: "@craigsmitham"
    name: author-docs
    resolvedVersion: 0.3.3
    integrity: sha512-i2cHW63ZpZw9J7ZYh6FbaK/JhhPEyI4572zElnSG8GZzmV3202dBDrar0V1vh5UbV+9RxZieFHcDhZTZMmNyMQ==
    sourceName: agentxm
    publisherBindingId: hbnd_01ks5vvdf0fx08m9gcaq7y2wv7
    treeIntegrity: sha256-tree-v1:7c093f7e600328e88f932023924fb3c0b2aa81e2734e8bd3debb6242cb339218
  setup-architecture-docs:
    type: registry
    sourceType: registry
    endpoint: https://registry.agentxm.ai/
    extensionType: skill
    workspaceName: setup-architecture-docs
    packageFormat: agentxm
    owner: "@craigsmitham"
    name: setup-architecture-docs
    resolvedVersion: 0.7.0
    integrity: sha512-xqvYaNO4Q3uMKjWcfW/w/0ImQZh6VrG6ANUpK+4XmMrAx3xteV6gq1oyymmttq0dYS5CkvLllpGAC0VnzQPKCg==
    sourceName: agentxm
    publisherBindingId: hbnd_01ks5vvdf0fx08m9gcaq7y2wv7
    treeIntegrity: sha256-tree-v1:48ee924128310db66affde7f4e49a9d14b99ae81a004c11ff13664a72c8f1d83
  author-architecture-docs:
    type: registry
    sourceType: registry
    endpoint: https://registry.agentxm.ai/
    extensionType: skill
    workspaceName: author-architecture-docs
    packageFormat: agentxm
    owner: "@craigsmitham"
    name: author-architecture-docs
    resolvedVersion: 4.1.0
    integrity: sha512-rmAmRhC1tZljZ5Ww7U0EqFI+dR34oRh+NPXtx45i7WBEtD+IgLYWcZ/tc7qlbplFBAHbs83Ffhjiqa++EaB37A==
    sourceName: agentxm
    publisherBindingId: hbnd_01ks5vvdf0fx08m9gcaq7y2wv7
    treeIntegrity: sha256-tree-v1:efec9fa960940155b468e394163308cf138a0df5a43bac78317a274555543e76
  reconcile-architecture-docs:
    type: registry
    sourceType: registry
    endpoint: https://registry.agentxm.ai/
    extensionType: skill
    workspaceName: reconcile-architecture-docs
    packageFormat: agentxm
    owner: "@craigsmitham"
    name: reconcile-architecture-docs
    resolvedVersion: 0.5.0
    integrity: sha512-cNEs34sF4QxSOzCuyOqXMkO9fj8qCGApk3RQl2YnvBWoVkV5AYmXfE2iS+diNCO5wIskuvw4wEtcpQzxD51+Gw==
    sourceName: agentxm
    publisherBindingId: hbnd_01ks5vvdf0fx08m9gcaq7y2wv7
    treeIntegrity: sha256-tree-v1:e4c3f778b5e65d33d09b0c0ea93577f6f24607f24983be790bc139da47343883
  question:
    type: registry
    sourceType: registry
    endpoint: https://registry.agentxm.ai/
    extensionType: skill
    workspaceName: question
    packageFormat: agentxm
    owner: "@craigsmitham"
    name: question
    resolvedVersion: 0.1.2
    integrity: sha512-bVwzz3CQA5p1I6UV3+LHzFcY0c42EnAXMCJIZKM8FyJ/dSaq1zqwU74qsIz/ukZUeOT+9YHT2f06QdWUqiFJrA==
    sourceName: agentxm
    publisherBindingId: hbnd_01ks5vvdf0fx08m9gcaq7y2wv7
    treeIntegrity: sha256-tree-v1:87162e859a36975df938baa035550f3ac7eb9a35e29f09e52b388ddde526f370
  research:
    type: registry
    sourceType: registry
    endpoint: https://registry.agentxm.ai/
    extensionType: skill
    workspaceName: research
    packageFormat: agentxm
    owner: "@craigsmitham"
    name: research
    resolvedVersion: 1.0.0
    integrity: sha512-oQAS+69GTZMBbpOBm2idzb68Ci/hTLCqfYBremBZFbmi6NIZNn09g5DuXpPMqHYW7cMmu2qke3Yd5tIdOMT43A==
    sourceName: agentxm
    publisherBindingId: hbnd_01ks5vvdf0fx08m9gcaq7y2wv7
    treeIntegrity: sha256-tree-v1:048f4e9d21418e426a963a84e21f8a608e6e24fadd408f0ba80d7d59710bdd01
subagents:
  researcher:
    type: registry
    sourceType: registry
    endpoint: https://registry.agentxm.ai/
    extensionType: subagent
    workspaceName: researcher
    packageFormat: agentxm
    owner: "@craigsmitham"
    name: researcher
    resolvedVersion: 0.0.1
    integrity: sha512-URzUgaQ9t3OQ5Zpan+VSqiAnphDnOfE2ysSSuJetk2rk2cR7U63w1CwwpGZkrxXpK/W0SlM7h4QtVctKJszZ5w==
    sourceName: agentxm
    publisherBindingId: hbnd_01ks5vvdf0fx08m9gcaq7y2wv7
    treeIntegrity: sha256-tree-v1:d5d540e17d01dae01f4858454938edc7a2f6f2222deb63e809dc842f5ff39fea
rules:
  field-notes:
    type: registry
    sourceType: registry
    endpoint: https://registry.agentxm.ai/
    extensionType: rule
    workspaceName: field-notes
    packageFormat: agentxm
    owner: "@craigsmitham"
    name: field-notes
    resolvedVersion: 0.2.2
    integrity: sha512-hQ6uBcacHSl1tu2X0LbKajhZkfd1yIDHLJVJqymcbE/Cf4ky1D7ZB5mch9wMC/uwYjNmgrP1sTHDlzRGCxcaPQ==
    sourceName: agentxm
    publisherBindingId: hbnd_01ks5vvdf0fx08m9gcaq7y2wv7
    treeIntegrity: sha256-tree-v1:8923eb134e2c6a211b9145bf4815d5b6c15e207e52b102acb98958b515118a11
  use-effect-v4:
    type: registry
    sourceType: registry
    endpoint: https://registry.agentxm.ai/
    extensionType: rule
    workspaceName: use-effect-v4
    packageFormat: agentxm
    owner: "@craigsmitham"
    name: use-effect-v4
    resolvedVersion: 0.1.0
    integrity: sha512-f2OkBamSLeaySSmCeM6HTESJzMH64ULVBIXrJ60eYo/dHUkKrHZ3dY1M81y69w3m35yO7k3ZN6cp0Pxxl/EBuA==
    sourceName: agentxm
    publisherBindingId: hbnd_01ks5vvdf0fx08m9gcaq7y2wv7
    treeIntegrity: sha256-tree-v1:ee921e56ef98ceff2565217793c84f1a668ee84101c26c1e0afcb320eb87f0bc
  yagni:
    type: registry
    sourceType: registry
    endpoint: https://registry.agentxm.ai/
    extensionType: rule
    workspaceName: yagni
    packageFormat: agentxm
    owner: "@craigsmitham"
    name: yagni
    resolvedVersion: 0.1.3
    integrity: sha512-FG81VJtlwmFNjG/ZUPlFnp2ZsJhNvV6a8P+PiqzsQKIgNZRmRu1zLiL3Khkkr/0L+i1urVn46BUMoktt69jeFw==
    sourceName: agentxm
    publisherBindingId: hbnd_01ks5vvdf0fx08m9gcaq7y2wv7
    treeIntegrity: sha256-tree-v1:f92c4f1564484879c67ed5e2f87266b4075907b1b160f23a29cf1f5e3d083b25
  tidy-first:
    type: registry
    sourceType: registry
    endpoint: https://registry.agentxm.ai/
    extensionType: rule
    workspaceName: tidy-first
    packageFormat: agentxm
    owner: "@craigsmitham"
    name: tidy-first
    resolvedVersion: 0.1.3
    integrity: sha512-Q7OSf+/Q6F8cIaKwgzyOtfcaI/alfpEbhEZJQhxy7/wuR0wVY8ODUM3+T1fRLKiwy4PBXCr4VCED0Sgh17YTNA==
    sourceName: agentxm
    publisherBindingId: hbnd_01ks5vvdf0fx08m9gcaq7y2wv7
    treeIntegrity: sha256-tree-v1:600bc235855a1436991b3fd8fe1c0e8c3bfe004faa05190ab03e660d2b09cc68
knowledge:
  agentxm:
    type: registry
    sourceType: registry
    endpoint: https://registry.agentxm.ai/
    extensionType: knowledge
    workspaceName: agentxm
    packageFormat: agentxm
    owner: "@agentxm"
    name: agentxm
    resolvedVersion: 1.2.1
    integrity: sha512-2oVn4RgZ0X1elSDK9woiVX1RlS0lFz0NYGvFL+dTV7Ifmcp7NLhrewYLWw3zQNrYm3GSxFAcKQkQCvmwFVAgZQ==
    sourceName: agentxm
    publisherBindingId: hbnd_01ks5vvdf0efz9m4w5qsv4q5qp
    treeIntegrity: sha256-tree-v1:0b5f578f8adcbecac83996c3ee000d58ee251c045882f689270d136cdc1d5a3b
  workflow-automation:
    type: registry
    sourceType: registry
    endpoint: https://registry.agentxm.ai/
    extensionType: knowledge
    workspaceName: workflow-automation
    packageFormat: agentxm
    owner: "@craigsmitham"
    name: workflow-automation
    resolvedVersion: 0.2.0
    integrity: sha512-o+ZqqEE7HNlCuxMLRd8a3GFoXqKHwXvIN+/HL0Zxtq7Bx7vl9BRG+lrhxAf8yds10DjCXzq3JFOELvboLNSf8g==
    sourceName: agentxm
    publisherBindingId: hbnd_01ks5vvdf0fx08m9gcaq7y2wv7
    treeIntegrity: sha256-tree-v1:0ff7e7c8b7141592d541d97907c9d109027c754e8953d4e0855cfc8099b709a4
  field-notes:
    type: registry
    sourceType: registry
    endpoint: https://registry.agentxm.ai/
    extensionType: knowledge
    workspaceName: field-notes
    packageFormat: agentxm
    owner: "@craigsmitham"
    name: field-notes
    resolvedVersion: 0.2.1
    integrity: sha512-7DoGWAjHqOXqn3Gs+DL0XYtQfoa9ce4GXW2W6i4IY/BdTxTZdTzDR/ioyqcOY1FOR5fMCvTEjPWL9N3kn8PQiw==
    sourceName: agentxm
    publisherBindingId: hbnd_01ks5vvdf0fx08m9gcaq7y2wv7
    treeIntegrity: sha256-tree-v1:51aa3331cb9daa28519a090c8af48cf6c37dad97cc5096d19219b3e90c24b84a
  effect-v4:
    type: registry
    sourceType: registry
    endpoint: https://registry.agentxm.ai/
    extensionType: knowledge
    workspaceName: effect-v4
    packageFormat: agentxm
    owner: "@craigsmitham"
    name: effect-v4
    resolvedVersion: 0.5.1
    integrity: sha512-yIvI1Ll887tvOzOKmocUDKsjTHJMhrrrtmNobrl9TnOaIzOLv8TqaQZ1uHUbApVNOSA/8YBzeIn048iNFZZqmQ==
    sourceName: agentxm
    publisherBindingId: hbnd_01ks5vvdf0fx08m9gcaq7y2wv7
    treeIntegrity: sha256-tree-v1:6ebd6c22d714894ae5b2ba0dced5364a9f41b1304efce9a811bd2c607454e857
  agent-engineering:
    type: registry
    sourceType: registry
    endpoint: https://registry.agentxm.ai/
    extensionType: knowledge
    workspaceName: agent-engineering
    packageFormat: agentxm
    owner: "@agentxm"
    name: agent-engineering
    resolvedVersion: 0.9.2
    integrity: sha512-AGnQ2updX0VzdtLX3MiJx2F6Ocjl+v0YoN6VRt0K5wBnhst+13UvFRg03EPc1osWk5f9zmsS7dZJlshgJCu1uw==
    sourceName: agentxm
    publisherBindingId: hbnd_01ks5vvdf0efz9m4w5qsv4q5qp
    treeIntegrity: sha256-tree-v1:8890c0941c5a53da4f4eaa44682d517d262561d59d5608accb53d1a6027d494c
  software-engineering:
    type: registry
    sourceType: registry
    endpoint: https://registry.agentxm.ai/
    extensionType: knowledge
    workspaceName: software-engineering
    packageFormat: agentxm
    owner: "@craigsmitham"
    name: software-engineering
    resolvedVersion: 1.1.0
    integrity: sha512-ftS+9lYEsowNVD1hGV0l/6j5oLcR34ML4TTmyzOUCA05T1buO9hUSFt3ikO4xGB99QHj+jOXQtvkKzovyoiwNg==
    sourceName: agentxm
    publisherBindingId: hbnd_01ks5vvdf0fx08m9gcaq7y2wv7
    treeIntegrity: sha256-tree-v1:902332b7afba12d320307962b1cbf3a6d738e1ad61750151da249522e93d8506
  docs:
    type: registry
    sourceType: registry
    endpoint: https://registry.agentxm.ai/
    extensionType: knowledge
    workspaceName: docs
    packageFormat: agentxm
    owner: "@craigsmitham"
    name: docs
    resolvedVersion: 0.10.0
    integrity: sha512-Oc5sfS7N19d5uEOLxzh9qiOoT9xBKPk0Gsdvp2MO8Z4sNiOdmy36r7Hb6yoS9dJTSQX0OjdUJPZwFUrprfgpMg==
    sourceName: agentxm
    publisherBindingId: hbnd_01ks5vvdf0fx08m9gcaq7y2wv7
    treeIntegrity: sha256-tree-v1:0049bb34c5ab1cc3613b9d2c78d0a3e60a2711a9ffc692cbeb2b8132bd98777f
  software-architecture:
    type: registry
    sourceType: registry
    endpoint: https://registry.agentxm.ai/
    extensionType: knowledge
    workspaceName: software-architecture
    packageFormat: agentxm
    owner: "@craigsmitham"
    name: software-architecture
    resolvedVersion: 4.1.0
    integrity: sha512-w7WW3ui8fXGrpNmLaxOqfnRrG62b4w+AIZNrlEU1AmzvlmIPfFylApLvt322yuRqWZd+18gywid7gUBN0962ew==
    sourceName: agentxm
    publisherBindingId: hbnd_01ks5vvdf0fx08m9gcaq7y2wv7
    treeIntegrity: sha256-tree-v1:a5bd455b9df163c64d76cf82efa383cd981ef70f23a5f4393eac5e29be3a3815
  gen-stack:
    type: registry
    sourceType: registry
    endpoint: https://registry.agentxm.ai/
    extensionType: knowledge
    workspaceName: gen-stack
    packageFormat: agentxm
    owner: "@craigsmitham"
    name: gen-stack
    resolvedVersion: 0.1.0
    integrity: sha512-QQYUnfqgEQAS5yJv7P/ooc9XOzYrJ0WMTEriblmxgVZunTPcVXnjICEF62JNjCgTjKJ7xR72fnRkJzaooSxO1g==
    sourceName: agentxm
    publisherBindingId: hbnd_01ks5vvdf0fx08m9gcaq7y2wv7
    treeIntegrity: sha256-tree-v1:6ef9016ae84298ae2415bae1a383841cab4433eb513067e1b3cb019bd0480cd7
packs:
  field-notes:
    type: registry
    sourceType: registry
    endpoint: https://registry.agentxm.ai/
    extensionType: pack
    workspaceName: field-notes
    packageFormat: agentxm
    owner: "@craigsmitham"
    name: field-notes
    resolvedVersion: 0.2.0
    integrity: sha512-hGUwsqYhLo0lWhPSwiwmb0onj4MkoH/r4RKEkKtTq44cCCPfua3UymVQ9Kcsb3sS9d3E1D8JVvmAa7hyWmZUTg==
    manifestContentIdentity: 98200bf7e6f4c2d89447f528c9d8494512784db52a7aeaa0e63ff33dfac18e3d
    sourceName: agentxm
    publisherBindingId: hbnd_01ks5vvdf0fx08m9gcaq7y2wv7
    treeIntegrity: sha256-tree-v1:7b7ce047dc84a319880f39899b5d30c398bb4ef73e8d1a558df98de5a6ecc882
  effect-v4:
    type: registry
    sourceType: registry
    endpoint: https://registry.agentxm.ai/
    extensionType: pack
    workspaceName: effect-v4
    packageFormat: agentxm
    owner: "@craigsmitham"
    name: effect-v4
    resolvedVersion: 0.6.0
    integrity: sha512-OciHxgADBLVklZ81X06SB4ceww5zCwC9e5SStA1t9n+8TNo4JH0aDeRWJjiYOTNK4WiUDjomdF71nYkmCSdP0A==
    manifestContentIdentity: 11ec4a580c58c6843fa337617548b5c30d6fea4d222f1463da92713fbd9e63d3
    sourceName: agentxm
    publisherBindingId: hbnd_01ks5vvdf0fx08m9gcaq7y2wv7
    treeIntegrity: sha256-tree-v1:c656b20cde90a0c917165c833e9e76d04d75db16d4cab1b226499d609515b2cf
  agent-engineering:
    type: registry
    sourceType: registry
    endpoint: https://registry.agentxm.ai/
    extensionType: pack
    workspaceName: agent-engineering
    packageFormat: agentxm
    owner: "@agentxm"
    name: agent-engineering
    resolvedVersion: 0.10.6
    integrity: sha512-3fQOP6luNs/1kSIDcHbMC3KachsrWxtOiW9525+fKBew5KyhSzZtcJ6JoMTRVB46OilI0ZY6cgFjHnpSHcFU8w==
    manifestContentIdentity: 1f759742dd28ed6b64c68f45a3d19207622f452c7a3ada38c468d6327778ee9b
    sourceName: agentxm
    publisherBindingId: hbnd_01ks5vvdf0efz9m4w5qsv4q5qp
    treeIntegrity: sha256-tree-v1:a0a21b48af6e088337a30799726cb514db8a7177bf05d110e85db3fb184dcefe
  docs:
    type: registry
    sourceType: registry
    endpoint: https://registry.agentxm.ai/
    extensionType: pack
    workspaceName: docs
    packageFormat: agentxm
    owner: "@craigsmitham"
    name: docs
    resolvedVersion: 0.4.1
    integrity: sha512-PKan6BcUJRuGN+2rgwe/CAT1QPSHXEv8kR81qbKQwILaX8cGn27bqn08xMGOgopZetyl5WCqBNF1q2e5IUubrg==
    manifestContentIdentity: df8d0fdc8429ed2a96090acc10399f323d9c24d99e98535414604dba873816fa
    sourceName: agentxm
    publisherBindingId: hbnd_01ks5vvdf0fx08m9gcaq7y2wv7
    treeIntegrity: sha256-tree-v1:c86e599d961d15828a60edf60d7e5c7f61ec04ea9f86bcefb8a996c69331281e
  qrspi:
    type: registry
    sourceType: registry
    endpoint: https://registry.agentxm.ai/
    extensionType: pack
    workspaceName: qrspi
    packageFormat: agentxm
    owner: "@craigsmitham"
    name: qrspi
    resolvedVersion: 0.1.0
    integrity: sha512-OmGzCC9cstEgcWa/zniai73b5W3anhmJ8pGomM+NsIpzVphX6qoKf40L1LpealVBzD1xRNa9EfI65YW8+E0PXg==
    manifestContentIdentity: d3647dc74fdb7c59f0b98356f6f94aac51ed21b4309ed396d88efa5200b93697
    sourceName: agentxm
    publisherBindingId: hbnd_01ks5vvdf0fx08m9gcaq7y2wv7
    treeIntegrity: sha256-tree-v1:7ffb3b259fb9694b3e16f52efd01f8f5496e70bc50655ae1bd8099c363e93c26
  gen-stack:
    type: registry
    sourceType: registry
    endpoint: https://registry.agentxm.ai/
    extensionType: pack
    workspaceName: gen-stack
    packageFormat: agentxm
    owner: "@craigsmitham"
    name: gen-stack
    resolvedVersion: 0.1.0
    integrity: sha512-k3VzrXszQ6JBh1TxgeJ9TFfvIUBti4AJ1YMXRUhubQ3U1SdJm+EtZDicFX4TYxcufzGUtspSnpS3yTqvnNDkSQ==
    manifestContentIdentity: d7922d887890543f3c1de4e4501cba2bc5a156dcac9540dc673c39cf70868436
    sourceName: agentxm
    publisherBindingId: hbnd_01ks5vvdf0fx08m9gcaq7y2wv7
    treeIntegrity: sha256-tree-v1:badd3afd771469b51de59975dcd6360e24ae348990c3a53b22b3b8a6680757b9
