lockfileVersion: 4
skills:
  field-notes:
    type: registry
    owner: "@craigsmitham"
    name: field-notes
    resolvedVersion: 0.2.0
    integrity: sha512-ya/E/nhDX4lUTD55aoNHiJ67Q9Mew7NPsf8iN1k47HEHWmai9hRhfjvZE9HZmW5IxFvTFQUmGbkH3PhS3QGpNQ==
    sourceName: default
    publisherBindingId: hbnd_01ks5vvdf0fx08m9gcaq7y2wv7
  improve-whatever:
    type: registry
    owner: "@craigsmitham"
    name: improve-whatever
    resolvedVersion: 0.0.6
    integrity: sha512-u+i1Zw2zOUgCE9AV/ZScg/eiphCqtVmQUQviIWohg5JK5D1ODG7WFIa8ocGxD4tUxUi4Yxf14Jsw47vb25FDxg==
    sourceName: default
    publisherBindingId: hbnd_01ks5vvdf0fx08m9gcaq7y2wv7
  craft-effect-v4:
    type: registry
    owner: "@craigsmitham"
    name: craft-effect-v4
    resolvedVersion: 0.0.5
    integrity: sha512-OpyrgnNXhddtDDToiLIwbSHV9rqlAc0tnFKyXJ9LTRqDksBcHs3VqPbjEWpmXdFkj9MWjuyD6byqvf/N4AXcDg==
    sourceName: default
    publisherBindingId: hbnd_01ks5vvdf0fx08m9gcaq7y2wv7
  audit-agent-skill:
    type: registry
    owner: "@agentxm"
    name: audit-agent-skill
    resolvedVersion: 0.3.1
    integrity: sha512-4o1Cjnm469a6Y52t5aafS0LDx3M6ne74FpuEwYsZm8lCXYDJZipPhY5SQ1uHmEVyQyY9+dD26s1CiGrUnmCBsg==
    sourceName: default
    publisherBindingId: hbnd_01ks5vvdf0efz9m4w5qsv4q5qp
  author-agent-skill:
    type: registry
    owner: "@agentxm"
    name: author-agent-skill
    resolvedVersion: 0.3.1
    integrity: sha512-B7wzPcqIKIncjB5r2zADa+5P3qVBRyCgraep15QRBcywyMoFiwNXtgWK2x9Av+u6zYoFkIJYiDUXMKhssp8Idg==
    sourceName: default
    publisherBindingId: hbnd_01ks5vvdf0efz9m4w5qsv4q5qp
  audit-agent-instructions:
    type: registry
    owner: "@agentxm"
    name: audit-agent-instructions
    resolvedVersion: 0.1.1
    integrity: sha512-Tvfm9a+nry9s6REM+cO/qyAtt1v6c3fpfs8ondJ90EkXLby0k6gngQIdeG6U4Nt4j1JfA/TJzD4Vpo7sAVZw/g==
    sourceName: default
    publisherBindingId: hbnd_01ks5vvdf0efz9m4w5qsv4q5qp
  author-agent-instructions:
    type: registry
    owner: "@agentxm"
    name: author-agent-instructions
    resolvedVersion: 0.1.1
    integrity: sha512-hZWzZHpiYy1VaUi16ruJJEg6UzjLCm/IR302gdYhNJdmczndlnFq9aE2ofcebC6VLv8bbVvL3/cs//ebkCPtdg==
    sourceName: default
    publisherBindingId: hbnd_01ks5vvdf0efz9m4w5qsv4q5qp
  author-architecture-docs:
    type: registry
    owner: "@craigsmitham"
    name: author-architecture-docs
    resolvedVersion: 0.0.1
    integrity: sha512-u5mysMeGErQfBSxQjhsoxwM5DNu/rH9N7CnjeGobrwXIvh0vlP7mArKf1lzREGVlhufBG8bfcgHKtxHrfdMe9g==
    sourceName: default
    publisherBindingId: hbnd_01ks5vvdf0fx08m9gcaq7y2wv7
  author-software-work-items:
    type: registry
    owner: "@craigsmitham"
    name: author-software-work-items
    resolvedVersion: 0.0.1
    integrity: sha512-0hBh5E+6clnSgP4AWZQewCAg72/AJP7G1Y17jQlWUSQyS41Momk+16VU4bC7OBUfxWJk7cOmcCf0OB6upnlA0w==
    sourceName: default
    publisherBindingId: hbnd_01ks5vvdf0fx08m9gcaq7y2wv7
  audit-docs:
    type: registry
    owner: "@craigsmitham"
    name: audit-docs
    resolvedVersion: 0.1.0
    integrity: sha512-xzZcJE/qRuhl7fP7SLVbH+y1KsEdAraRj70esZRkkxdtqrtdNOZXqoItxjc/5XSLczCgMe2O0R1yz1FxH0HAKQ==
    sourceName: default
    publisherBindingId: hbnd_01ks5vvdf0fx08m9gcaq7y2wv7
  author-docs:
    type: registry
    owner: "@craigsmitham"
    name: author-docs
    resolvedVersion: 0.3.1
    integrity: sha512-fe2Z7Wqhc91yYee5XqiO6fBfuoggW8baZbYABBu0FKjRrqPShtzWoeojXjUY7YgrIF7Swd61L7sL26jmujwNaA==
    sourceName: default
    publisherBindingId: hbnd_01ks5vvdf0fx08m9gcaq7y2wv7
  author-okf:
    type: registry
    owner: "@craigsmitham"
    name: author-okf
    resolvedVersion: 0.0.3
    integrity: sha512-eCOIJoTShr8MdFY3mF3NNTvAxdVkFVdvrPELNjccP+xyPbaU0wlasRrEyiXMeI65aCfUkg83KAi+BI1PbPNSsQ==
    sourceName: default
    publisherBindingId: hbnd_01ks5vvdf0fx08m9gcaq7y2wv7
rules:
  field-notes:
    type: registry
    owner: "@craigsmitham"
    name: field-notes
    resolvedVersion: 0.2.0
    integrity: sha512-dlpfr9dqR1Lm5JqrA8OwzUes7iAMIvM4fTWetJHOyMaDsBmDRrB4Fkn7vVVp5DX18n8sR4XxE5HZYYgelGnGTA==
    sourceName: default
    publisherBindingId: hbnd_01ks5vvdf0fx08m9gcaq7y2wv7
  yagni:
    type: registry
    owner: "@craigsmitham"
    name: yagni
    resolvedVersion: 0.1.1
    integrity: sha512-2fQnO6oLQkWFYX2XHmJeZ5Gs9zz85vMQ187Z2ac7nG9huZs/uDnBvfbLO2KfwOHtJYwzDBznJ5bAr2ut3zSLzg==
    sourceName: default
    publisherBindingId: hbnd_01ks5vvdf0fx08m9gcaq7y2wv7
  tidy-first:
    type: registry
    owner: "@craigsmitham"
    name: tidy-first
    resolvedVersion: 0.1.1
    integrity: sha512-DdenLEmw+PN6uzKmHLk1JIbT9eXCYaxm+ZrjKu+1cN4AXZNDpZrRcZkAyDhUcmFvIzi2mqiZEyeWz19ArdlCxQ==
    sourceName: default
    publisherBindingId: hbnd_01ks5vvdf0fx08m9gcaq7y2wv7
  use-effect-v4:
    type: registry
    owner: "@craigsmitham"
    name: use-effect-v4
    resolvedVersion: 0.1.0
    integrity: sha512-f2OkBamSLeaySSmCeM6HTESJzMH64ULVBIXrJ60eYo/dHUkKrHZ3dY1M81y69w3m35yO7k3ZN6cp0Pxxl/EBuA==
    sourceName: default
    publisherBindingId: hbnd_01ks5vvdf0fx08m9gcaq7y2wv7
knowledge:
  agentxm:
    type: registry
    owner: "@agentxm"
    name: agentxm
    resolvedVersion: 1.2.1
    integrity: sha512-2oVn4RgZ0X1elSDK9woiVX1RlS0lFz0NYGvFL+dTV7Ifmcp7NLhrewYLWw3zQNrYm3GSxFAcKQkQCvmwFVAgZQ==
    sourceName: default
    publisherBindingId: hbnd_01ks5vvdf0efz9m4w5qsv4q5qp
  field-notes:
    type: registry
    owner: "@craigsmitham"
    name: field-notes
    resolvedVersion: 0.2.0
    integrity: sha512-nFVSXB2H12YtCzb9ioU4Ccxlg5dnlWfbwVNKVdk0Jwh6NelKOBjSIe+PQYY47ht0nRYkaTiaMj5ZlGl4oT2Mhg==
    sourceName: default
    publisherBindingId: hbnd_01ks5vvdf0fx08m9gcaq7y2wv7
  workflow-automation:
    type: registry
    owner: "@craigsmitham"
    name: workflow-automation
    resolvedVersion: 0.1.1
    integrity: sha512-vkIcgesA8pioA8gW5G0LzY78MPJyru65y964nb5g3/taACXLbhoi9V2+9jk3aleQ5Q3O3suCjtkTcrSYwXyNdw==
    sourceName: default
    publisherBindingId: hbnd_01ks5vvdf0fx08m9gcaq7y2wv7
  effect-v4:
    type: registry
    owner: "@craigsmitham"
    name: effect-v4
    resolvedVersion: 0.3.0
    integrity: sha512-qBZFDcXmIdE24vM/0Y5a73aud2Z+X6L8eZMQg0EDqmAWwzE2xbHRXzwDsFS9mTn5pNKZaPDDQAAQzMvSg5J3JQ==
    sourceName: default
    publisherBindingId: hbnd_01ks5vvdf0fx08m9gcaq7y2wv7
  agent-engineering:
    type: registry
    owner: "@agentxm"
    name: agent-engineering
    resolvedVersion: 0.3.0
    integrity: sha512-zGSf5hqEqanTRzYop7AZAtRhpgRFsklrAe230EcSP9Y/ynslV2r1NJaTpsWua4yiXZ/1I+csq5ELatUWf4x9cw==
    sourceName: default
    publisherBindingId: hbnd_01ks5vvdf0efz9m4w5qsv4q5qp
  software-engineering:
    type: registry
    owner: "@craigsmitham"
    name: software-engineering
    resolvedVersion: 0.4.0
    integrity: sha512-2rfXwwhTB6RRAW0kr/1lwyT6FYjBCqqe2HheeVrPps9MkrJjC81yVLusdk32TbwNyl3COORrVI60MjhTTFfMww==
    sourceName: default
    publisherBindingId: hbnd_01ks5vvdf0fx08m9gcaq7y2wv7
  docs:
    type: registry
    owner: "@craigsmitham"
    name: docs
    resolvedVersion: 0.9.1
    integrity: sha512-LkqY2fjZ5AJ27e4AZuLXJgpV6lv9W4QsvBDqxLKfLMColTQSDq3TCTtZi0PJ67RfzvZmCj93fxPkUdFHYMZymw==
    sourceName: default
    publisherBindingId: hbnd_01ks5vvdf0fx08m9gcaq7y2wv7
packs:
  field-notes:
    type: registry
    owner: "@craigsmitham"
    name: field-notes
    resolvedVersion: 0.2.0
    integrity: sha512-hGUwsqYhLo0lWhPSwiwmb0onj4MkoH/r4RKEkKtTq44cCCPfua3UymVQ9Kcsb3sS9d3E1D8JVvmAa7hyWmZUTg==
    manifestContentIdentity: 98200bf7e6f4c2d89447f528c9d8494512784db52a7aeaa0e63ff33dfac18e3d
    sourceName: default
    publisherBindingId: hbnd_01ks5vvdf0fx08m9gcaq7y2wv7
  effect-v4:
    type: registry
    owner: "@craigsmitham"
    name: effect-v4
    resolvedVersion: 0.4.0
    integrity: sha512-5LsUbXfsA4U479d/E4KsuPLO7kAIy/7dUyogvr0kliCZw4rSyTZbUGuU5Lo8xONMxesoTVt2aQUJRAYVAjXTzw==
    manifestContentIdentity: 94ddce4a9ecda8d220e070b0690a1ad82972a8f081c327354a509a1004f259fd
    sourceName: default
    publisherBindingId: hbnd_01ks5vvdf0fx08m9gcaq7y2wv7
  agent-engineering:
    type: registry
    owner: "@agentxm"
    name: agent-engineering
    resolvedVersion: 0.5.0
    integrity: sha512-krj7aoVGqnqERew7v6rlL0FkG4TMyPYcNVKjrFoZflb5lT8s8JgDec/gMb1feCE39UrMjuGkspvNWmzXj1g/yA==
    manifestContentIdentity: 9e63b86c6f2c85a2f195d110e9864cb7e1b154a0e6604911f8ffc6052acd9581
    sourceName: default
    publisherBindingId: hbnd_01ks5vvdf0efz9m4w5qsv4q5qp
  software-engineering:
    type: registry
    owner: "@craigsmitham"
    name: software-engineering
    resolvedVersion: 0.4.0
    integrity: sha512-HCTBwogBSJrUiKtKne0lRtKGqj7J5qULaDHX/FdWhrjYvVA0FLRqhbqotY2R38jHoB19l+Zp+vT8TogMB7PfGA==
    manifestContentIdentity: e0cee7601bc362335d769598e6616942c418dcf870aac43438bcef6602c653ac
    sourceName: default
    publisherBindingId: hbnd_01ks5vvdf0fx08m9gcaq7y2wv7
  docs:
    type: registry
    owner: "@craigsmitham"
    name: docs
    resolvedVersion: 0.4.0
    integrity: sha512-qGTRT7X5ntDe1fFptDeZIIewckaVoyN1rl2HlQFAbwFwtcHNP9es/9Ac8VYrEo5Y6j1d9lwxBWG5HdTRl28Trw==
    manifestContentIdentity: 8fa2dd2da4b893c9bc25a50d3b7563d23f52364fbccb6705df43197da05a4cdc
    sourceName: default
    publisherBindingId: hbnd_01ks5vvdf0fx08m9gcaq7y2wv7
