lockfileVersion: 1
skills:
  code-review:
    type: registry
    profile: "@axm"
    name: code-review
    resolvedVersion: 0.1.0
    integrity: ""
    sourceName: default
    agents:
      - amp
      - antigravity
      - claude-code
      - codex
      - cursor
      - gemini-cli
      - github-copilot
      - opencode
    installedAt: 2026-04-04T01:03:24.868Z
    updatedAt: 2026-04-04T01:03:24.868Z
  e2e-publish-check:
    type: registry
    profile: "@local-dev"
    name: e2e-publish-check
    resolvedVersion: 0.0.1
    integrity: ""
    sourceName: default
    agents:
      - amp
      - antigravity
      - claude-code
      - codex
      - cursor
      - gemini-cli
      - github-copilot
      - opencode
    installedAt: 2026-04-04T01:03:24.868Z
    updatedAt: 2026-04-04T01:03:24.868Z
  effect-basics:
    type: registry
    profile: "@axm"
    name: effect-basics
    resolvedVersion: 0.1.0
    integrity: ""
    sourceName: default
    agents:
      - amp
      - antigravity
      - claude-code
      - codex
      - cursor
      - gemini-cli
      - github-copilot
      - opencode
    installedAt: 2026-04-04T01:03:24.868Z
    updatedAt: 2026-04-04T01:03:24.868Z
  effect-collections:
    type: registry
    profile: "@axm"
    name: effect-collections
    resolvedVersion: 0.1.0
    integrity: ""
    sourceName: default
    agents:
      - amp
      - antigravity
      - claude-code
      - codex
      - cursor
      - gemini-cli
      - github-copilot
      - opencode
    installedAt: 2026-04-04T01:03:24.868Z
    updatedAt: 2026-04-04T01:03:24.868Z
  effect-concurrency:
    type: registry
    profile: "@axm"
    name: effect-concurrency
    resolvedVersion: 0.1.0
    integrity: ""
    sourceName: default
    agents:
      - amp
      - antigravity
      - claude-code
      - codex
      - cursor
      - gemini-cli
      - github-copilot
      - opencode
    installedAt: 2026-04-04T01:03:24.868Z
    updatedAt: 2026-04-04T01:03:24.868Z
  effect-filesystem:
    type: registry
    profile: "@axm"
    name: effect-filesystem
    resolvedVersion: 0.1.0
    integrity: ""
    sourceName: default
    agents:
      - amp
      - antigravity
      - claude-code
      - codex
      - cursor
      - gemini-cli
      - github-copilot
      - opencode
    installedAt: 2026-04-04T01:03:24.868Z
    updatedAt: 2026-04-04T01:03:24.868Z
  effect-iteration:
    type: registry
    profile: "@axm"
    name: effect-iteration
    resolvedVersion: 0.1.0
    integrity: ""
    sourceName: default
    agents:
      - amp
      - antigravity
      - claude-code
      - codex
      - cursor
      - gemini-cli
      - github-copilot
      - opencode
    installedAt: 2026-04-04T01:03:24.868Z
    updatedAt: 2026-04-04T01:03:24.868Z
  effect-option:
    type: registry
    profile: "@axm"
    name: effect-option
    resolvedVersion: 0.1.0
    integrity: ""
    sourceName: default
    agents:
      - amp
      - antigravity
      - claude-code
      - codex
      - cursor
      - gemini-cli
      - github-copilot
      - opencode
    installedAt: 2026-04-04T01:03:24.868Z
    updatedAt: 2026-04-04T01:03:24.868Z
  effect-schema:
    type: registry
    profile: "@axm"
    name: effect-schema
    resolvedVersion: 0.1.0
    integrity: ""
    sourceName: default
    agents:
      - amp
      - antigravity
      - claude-code
      - codex
      - cursor
      - gemini-cli
      - github-copilot
      - opencode
    installedAt: 2026-04-04T01:03:24.868Z
    updatedAt: 2026-04-04T01:03:24.868Z
  effect-service:
    type: registry
    profile: "@axm"
    name: effect-service
    resolvedVersion: 0.1.0
    integrity: ""
    sourceName: default
    agents:
      - amp
      - antigravity
      - claude-code
      - codex
      - cursor
      - gemini-cli
      - github-copilot
      - opencode
    installedAt: 2026-04-04T01:03:24.868Z
    updatedAt: 2026-04-04T01:03:24.868Z
  effect-stream:
    type: registry
    profile: "@axm"
    name: effect-stream
    resolvedVersion: 0.1.0
    integrity: ""
    sourceName: default
    agents:
      - amp
      - antigravity
      - claude-code
      - codex
      - cursor
      - gemini-cli
      - github-copilot
      - opencode
    installedAt: 2026-04-04T01:03:24.868Z
    updatedAt: 2026-04-04T01:03:24.868Z
  effect-testing:
    type: registry
    profile: "@axm"
    name: effect-testing
    resolvedVersion: 0.1.0
    integrity: ""
    sourceName: default
    agents:
      - amp
      - antigravity
      - claude-code
      - codex
      - cursor
      - gemini-cli
      - github-copilot
      - opencode
    installedAt: 2026-04-04T01:03:24.868Z
    updatedAt: 2026-04-04T01:03:24.868Z
  effect-wrapping:
    type: registry
    profile: "@axm"
    name: effect-wrapping
    resolvedVersion: 0.1.0
    integrity: ""
    sourceName: default
    agents:
      - amp
      - antigravity
      - claude-code
      - codex
      - cursor
      - gemini-cli
      - github-copilot
      - opencode
    installedAt: 2026-04-04T01:03:24.868Z
    updatedAt: 2026-04-04T01:03:24.868Z
  manage-extensions:
    type: registry
    profile: "@axm"
    name: manage-extensions
    resolvedVersion: 0.0.1
    integrity: ""
    sourceName: default
    agents:
      - amp
      - antigravity
      - claude-code
      - codex
      - cursor
      - gemini-cli
      - github-copilot
      - opencode
    installedAt: 2026-04-04T01:03:24.868Z
    updatedAt: 2026-04-04T01:03:24.868Z
commands: {}
mcpServers: {}
packs:
  effect:
    type: registry
    profile: "@axm"
    name: effect
    resolvedVersion: 0.0.1
    integrity: ""
    sourceName: default
    installedAt: 2026-04-04T01:03:24.868Z
    updatedAt: 2026-04-04T01:03:24.868Z
    resolvedSkills:
      "@axm/skills/effect-testing": 0.1.0
      "@axm/skills/effect-wrapping": 0.1.0
      "@axm/skills/effect-schema": 0.1.0
      "@axm/skills/effect-service": 0.1.0
      "@axm/skills/effect-collections": 0.1.0
      "@axm/skills/effect-iteration": 0.1.0
      "@axm/skills/effect-basics": 0.1.0
      "@axm/skills/effect-option": 0.1.0
      "@axm/skills/effect-filesystem": 0.1.0
      "@axm/skills/effect-concurrency": 0.1.0
      "@axm/skills/effect-stream": 0.1.0
    resolvedCommands: {}
    resolvedMcpServers: {}
