lockfileVersion: 1
skills:
  haskell-hackage-tinyflags-add-flag:
    type: registry
    owner: "@examples"
    name: haskell-hackage-tinyflags-add-flag
    resolvedVersion: 0.1.0
    integrity: sha512-example
    sourceName: default
    agents: []
    installedAt: "2026-05-14T00:00:00.000Z"
    updatedAt: "2026-05-14T00:00:00.000Z"
  haskell-hackage-tinyflags-rollout-review:
    type: registry
    owner: "@examples"
    name: haskell-hackage-tinyflags-rollout-review
    resolvedVersion: 0.1.0
    integrity: sha512-example
    sourceName: default
    agents: []
    installedAt: "2026-05-14T00:00:00.000Z"
    updatedAt: "2026-05-14T00:00:00.000Z"
  haskell-hackage-tinyflags-cleanup-flag:
    type: registry
    owner: "@examples"
    name: haskell-hackage-tinyflags-cleanup-flag
    resolvedVersion: 0.1.0
    integrity: sha512-example
    sourceName: default
    agents: []
    installedAt: "2026-05-14T00:00:00.000Z"
    updatedAt: "2026-05-14T00:00:00.000Z"
subagents:
  haskell-hackage-tinyflags-maintainer:
    type: registry
    owner: "@examples"
    name: haskell-hackage-tinyflags-maintainer
    resolvedVersion: 0.1.0
    integrity: sha512-example
    sourceName: default
    agents: []
    installedAt: "2026-05-14T00:00:00.000Z"
    updatedAt: "2026-05-14T00:00:00.000Z"
packs:
  haskell-hackage-tinyflags:
    type: registry
    owner: "@examples"
    name: haskell-hackage-tinyflags
    resolvedVersion: 0.1.0
    integrity: sha512-example
    sourceName: default
    installedAt: "2026-05-14T00:00:00.000Z"
    updatedAt: "2026-05-14T00:00:00.000Z"
    resolvedSkills:
      "@examples/skills/haskell-hackage-tinyflags-add-flag": 0.1.0
      "@examples/skills/haskell-hackage-tinyflags-rollout-review": 0.1.0
      "@examples/skills/haskell-hackage-tinyflags-cleanup-flag": 0.1.0
    resolvedCommands: {}
    resolvedMcpServers: {}
    resolvedSubagents:
      "@examples/subagents/haskell-hackage-tinyflags-maintainer": 0.1.0
