lockfileVersion: 1
skills:
  javascript-npm-tinyflags-add-flag:
    type: registry
    owner: "@examples"
    name: javascript-npm-tinyflags-add-flag
    resolvedVersion: 0.1.0
    integrity: sha512-example
    sourceName: default
    agents: []
    installedAt: "2026-05-12T00:00:00.000Z"
    updatedAt: "2026-05-12T00:00:00.000Z"
  javascript-npm-tinyflags-rollout-review:
    type: registry
    owner: "@examples"
    name: javascript-npm-tinyflags-rollout-review
    resolvedVersion: 0.1.0
    integrity: sha512-example
    sourceName: default
    agents: []
    installedAt: "2026-05-12T00:00:00.000Z"
    updatedAt: "2026-05-12T00:00:00.000Z"
  javascript-npm-tinyflags-cleanup-flag:
    type: registry
    owner: "@examples"
    name: javascript-npm-tinyflags-cleanup-flag
    resolvedVersion: 0.1.0
    integrity: sha512-example
    sourceName: default
    agents: []
    installedAt: "2026-05-12T00:00:00.000Z"
    updatedAt: "2026-05-12T00:00:00.000Z"
subagents:
  javascript-npm-tinyflags-maintainer:
    type: registry
    owner: "@examples"
    name: javascript-npm-tinyflags-maintainer
    resolvedVersion: 0.1.0
    integrity: sha512-example
    sourceName: default
    agents: []
    installedAt: "2026-05-12T00:00:00.000Z"
    updatedAt: "2026-05-12T00:00:00.000Z"
packs:
  javascript-npm-tinyflags:
    type: registry
    owner: "@examples"
    name: javascript-npm-tinyflags
    resolvedVersion: 0.1.0
    integrity: sha512-example
    sourceName: default
    installedAt: "2026-05-12T00:00:00.000Z"
    updatedAt: "2026-05-12T00:00:00.000Z"
    resolvedSkills:
      "@examples/skills/javascript-npm-tinyflags-add-flag": 0.1.0
      "@examples/skills/javascript-npm-tinyflags-rollout-review": 0.1.0
      "@examples/skills/javascript-npm-tinyflags-cleanup-flag": 0.1.0
    resolvedCommands: {}
    resolvedMcpServers: {}
    resolvedSubagents:
      "@examples/subagents/javascript-npm-tinyflags-maintainer": 0.1.0
